
Microsoft Visual Studio Solution File, Format Version 12.00
# Visual Studio Version 17
VisualStudioVersion = 17.2.32526.322
MinimumVisualStudioVersion = 10.0.40219.1
Project("{9A19103F-16F7-4668-BE54-9A1E7A4F7556}") = "DotNetTests.Api", "DotNetTests.Api\DotNetTests.Api.csproj", "{34951D7F-17F2-4F3B-BE13-9C833867501B}"
EndProject
Project("{9A19103F-16F7-4668-BE54-9A1E7A4F7556}") = "DotNetTests.Application", "DotNetTests.Application\DotNetTests.Application.csproj", "{24358E7E-2537-4AF9-84DA-25510EC3C23A}"
EndProject
Project("{9A19103F-16F7-4668-BE54-9A1E7A4F7556}") = "DotNetTests.Infrastructure", "DotNetTests.Infrastructure\DotNetTests.Infrastructure.csproj", "{33404E20-6C2A-463E-8AA2-00ADDC503885}"
EndProject
Project("{9A19103F-16F7-4668-BE54-9A1E7A4F7556}") = "DotNetTests.Domain", "DotNetTests.Domain\DotNetTests.Domain.csproj", "{30E47FBC-15C5-49FB-B771-C52BF760CCA8}"
EndProject
Project("{9A19103F-16F7-4668-BE54-9A1E7A4F7556}") = "DotNetTests.EntityFrameworkCore", "DotNetTests.EntityFrameworkCore\DotNetTests.EntityFrameworkCore.csproj", "{E4812DEC-4AB8-4616-A53C-24EE473461CF}"
EndProject
Project("{FAE04EC0-301F-11D3-BF4B-00C04F79EFBC}") = "DotNetTests.Tests", "DotNetTests.Tests\DotNetTests.Tests.csproj", "{3885A7F2-19E5-4432-9831-E69C7026AD68}"
EndProject
Global
	GlobalSection(SolutionConfigurationPlatforms) = preSolution
		Debug|Any CPU = Debug|Any CPU
		Release|Any CPU = Release|Any CPU
	EndGlobalSection
	GlobalSection(ProjectConfigurationPlatforms) = postSolution
		{34951D7F-17F2-4F3B-BE13-9C833867501B}.Debug|Any CPU.ActiveCfg = Debug|Any CPU
		{34951D7F-17F2-4F3B-BE13-9C833867501B}.Debug|Any CPU.Build.0 = Debug|Any CPU
		{34951D7F-17F2-4F3B-BE13-9C833867501B}.Release|Any CPU.ActiveCfg = Release|Any CPU
		{34951D7F-17F2-4F3B-BE13-9C833867501B}.Release|Any CPU.Build.0 = Release|Any CPU
		{24358E7E-2537-4AF9-84DA-25510EC3C23A}.Debug|Any CPU.ActiveCfg = Debug|Any CPU
		{24358E7E-2537-4AF9-84DA-25510EC3C23A}.Debug|Any CPU.Build.0 = Debug|Any CPU
		{24358E7E-2537-4AF9-84DA-25510EC3C23A}.Release|Any CPU.ActiveCfg = Release|Any CPU
		{24358E7E-2537-4AF9-84DA-25510EC3C23A}.Release|Any CPU.Build.0 = Release|Any CPU
		{33404E20-6C2A-463E-8AA2-00ADDC503885}.Debug|Any CPU.ActiveCfg = Debug|Any CPU
		{33404E20-6C2A-463E-8AA2-00ADDC503885}.Debug|Any CPU.Build.0 = Debug|Any CPU
		{33404E20-6C2A-463E-8AA2-00ADDC503885}.Release|Any CPU.ActiveCfg = Release|Any CPU
		{33404E20-6C2A-463E-8AA2-00ADDC503885}.Release|Any CPU.Build.0 = Release|Any CPU
		{30E47FBC-15C5-49FB-B771-C52BF760CCA8}.Debug|Any CPU.ActiveCfg = Debug|Any CPU
		{30E47FBC-15C5-49FB-B771-C52BF760CCA8}.Debug|Any CPU.Build.0 = Debug|Any CPU
		{30E47FBC-15C5-49FB-B771-C52BF760CCA8}.Release|Any CPU.ActiveCfg = Release|Any CPU
		{30E47FBC-15C5-49FB-B771-C52BF760CCA8}.Release|Any CPU.Build.0 = Release|Any CPU
		{E4812DEC-4AB8-4616-A53C-24EE473461CF}.Debug|Any CPU.ActiveCfg = Debug|Any CPU
		{E4812DEC-4AB8-4616-A53C-24EE473461CF}.Debug|Any CPU.Build.0 = Debug|Any CPU
		{E4812DEC-4AB8-4616-A53C-24EE473461CF}.Release|Any CPU.ActiveCfg = Release|Any CPU
		{E4812DEC-4AB8-4616-A53C-24EE473461CF}.Release|Any CPU.Build.0 = Release|Any CPU
		{3885A7F2-19E5-4432-9831-E69C7026AD68}.Debug|Any CPU.ActiveCfg = Debug|Any CPU
		{3885A7F2-19E5-4432-9831-E69C7026AD68}.Debug|Any CPU.Build.0 = Debug|Any CPU
		{3885A7F2-19E5-4432-9831-E69C7026AD68}.Release|Any CPU.ActiveCfg = Release|Any CPU
		{3885A7F2-19E5-4432-9831-E69C7026AD68}.Release|Any CPU.Build.0 = Release|Any CPU
	EndGlobalSection
	GlobalSection(SolutionProperties) = preSolution
		HideSolutionNode = FALSE
	EndGlobalSection
	GlobalSection(ExtensibilityGlobals) = postSolution
		SolutionGuid = {306F3310-195B-46BC-9D0F-56658CA5B3FE}
	EndGlobalSection
EndGlobal
